
Microsoft Visual Studio Solution File, Format Version 12.00
# Visual Studio 15
VisualStudioVersion = 15.0.28010.2019
MinimumVisualStudioVersion = 10.0.40219.1
Project("{FAE04EC0-301F-11D3-BF4B-00C04F79EFBC}") = "Test App", "Test App\Test App.csproj", "{835AC414-046F-4754-8F5B-CA3461C4DE6B}"
EndProject
Global
	GlobalSection(SolutionConfigurationPlatforms) = preSolution
		Debug|Any CPU = Debug|Any CPU
		Release|Any CPU = Release|Any CPU
	EndGlobalSection
	GlobalSection(ProjectConfigurationPlatforms) = postSolution
		{835AC414-046F-4754-8F5B-CA3461C4DE6B}.Debug|Any CPU.ActiveCfg = Debug|Any CPU
		{835AC414-046F-4754-8F5B-CA3461C4DE6B}.Debug|Any CPU.Build.0 = Debug|Any CPU
		{835AC414-046F-4754-8F5B-CA3461C4DE6B}.Release|Any CPU.ActiveCfg = Release|Any CPU
		{835AC414-046F-4754-8F5B-CA3461C4DE6B}.Release|Any CPU.Build.0 = Release|Any CPU
	EndGlobalSection
	GlobalSection(SolutionProperties) = preSolution
		HideSolutionNode = FALSE
	EndGlobalSection
	GlobalSection(ExtensibilityGlobals) = postSolution
		SolutionGuid = {64433124-A46F-4179-826C-92453C78F934}
	EndGlobalSection
EndGlobal
